
Microsoft Visual Studio Solution File, Format Version 12.00
# Visual Studio Version 16
VisualStudioVersion = 16.0.32002.261
MinimumVisualStudioVersion = 10.0.40219.1
Project("{FAE04EC0-301F-11D3-BF4B-00C04F79EFBC}") = "LibraryManagement", "LibraryManagement\LibraryManagement.csproj", "{75F5DFF9-191F-4766-94E9-EF1B0E5C2399}"
EndProject
Project("{FAE04EC0-301F-11D3-BF4B-00C04F79EFBC}") = "ReportService", "ReportService\ReportService.csproj", "{33D3933F-6B11-4C89-90BF-F2D885136EF7}"
EndProject
Global
	GlobalSection(SolutionConfigurationPlatforms) = preSolution
		Debug|Any CPU = Debug|Any CPU
		Release|Any CPU = Release|Any CPU
	EndGlobalSection
	GlobalSection(ProjectConfigurationPlatforms) = postSolution
		{75F5DFF9-191F-4766-94E9-EF1B0E5C2399}.Debug|Any CPU.ActiveCfg = Debug|Any CPU
		{75F5DFF9-191F-4766-94E9-EF1B0E5C2399}.Debug|Any CPU.Build.0 = Debug|Any CPU
		{75F5DFF9-191F-4766-94E9-EF1B0E5C2399}.Release|Any CPU.ActiveCfg = Release|Any CPU
		{75F5DFF9-191F-4766-94E9-EF1B0E5C2399}.Release|Any CPU.Build.0 = Release|Any CPU
		{33D3933F-6B11-4C89-90BF-F2D885136EF7}.Debug|Any CPU.ActiveCfg = Debug|Any CPU
		{33D3933F-6B11-4C89-90BF-F2D885136EF7}.Debug|Any CPU.Build.0 = Debug|Any CPU
		{33D3933F-6B11-4C89-90BF-F2D885136EF7}.Release|Any CPU.ActiveCfg = Release|Any CPU
		{33D3933F-6B11-4C89-90BF-F2D885136EF7}.Release|Any CPU.Build.0 = Release|Any CPU
	EndGlobalSection
	GlobalSection(SolutionProperties) = preSolution
		HideSolutionNode = FALSE
	EndGlobalSection
	GlobalSection(ExtensibilityGlobals) = postSolution
		SolutionGuid = {931E78C6-3609-4E65-8C2F-9ACCF522BF27}
	EndGlobalSection
EndGlobal
